// !$*UTF8*$!
{
	archiveVersion = 1;
	classes = {
	};
	objectVersion = 56;
	objects = {

/* Begin PBXBuildFile section */
		FC38280B29F50F3200C0C573 /* AppDelegate.swift in Sources */ = {isa = PBXBuildFile; fileRef = FC38280A29F50F3200C0C573 /* AppDelegate.swift */; };
		FC38280D29F50F3200C0C573 /* SceneDelegate.swift in Sources */ = {isa = PBXBuildFile; fileRef = FC38280C29F50F3200C0C573 /* SceneDelegate.swift */; };
		FC38281229F50F3200C0C573 /* Main.storyboard in Resources */ = {isa = PBXBuildFile; fileRef = FC38281029F50F3200C0C573 /* Main.storyboard */; };
		FC38281429F50F3400C0C573 /* Assets.xcassets in Resources */ = {isa = PBXBuildFile; fileRef = FC38281329F50F3400C0C573 /* Assets.xcassets */; };
		FC38281729F50F3400C0C573 /* LaunchScreen.storyboard in Resources */ = {isa = PBXBuildFile; fileRef = FC38281529F50F3400C0C573 /* LaunchScreen.storyboard */; };
		FC38282129F50F6300C0C573 /* BooksTableViewController.swift in Sources */ = {isa = PBXBuildFile; fileRef = FC38282029F50F6300C0C573 /* BooksTableViewController.swift */; };
		FC38282329F50FB300C0C573 /* BooksInfo.swift in Sources */ = {isa = PBXBuildFile; fileRef = FC38282229F50FB300C0C573 /* BooksInfo.swift */; };
		FC38282529F50FE500C0C573 /* BooksTableViewCell.swift in Sources */ = {isa = PBXBuildFile; fileRef = FC38282429F50FE500C0C573 /* BooksTableViewCell.swift */; };
		FC38282729F5125C00C0C573 /* DetailViewController.swift in Sources */ = {isa = PBXBuildFile; fileRef = FC38282629F5125C00C0C573 /* DetailViewController.swift */; };
/* End PBXBuildFile section */

/* Begin PBXFileReference section */
		FC38280729F50F3200C0C573 /* TableViewPractice.app */ = {isa = PBXFileReference; explicitFileType = wrapper.application; includeInIndex = 0; path = TableViewPractice.app; sourceTree = BUILT_PRODUCTS_DIR; };
		FC38280A29F50F3200C0C573 /* AppDelegate.swift */ = {isa = PBXFileReference; lastKnownFileType = sourcecode.swift; path = AppDelegate.swift; sourceTree = "<group>"; };
		FC38280C29F50F3200C0C573 /* SceneDelegate.swift */ = {isa = PBXFileReference; lastKnownFileType = sourcecode.swift; path = SceneDelegate.swift; sourceTree = "<group>"; };
		FC38281129F50F3200C0C573 /* Base */ = {isa = PBXFileReference; lastKnownFileType = file.storyboard; name = Base; path = Base.lproj/Main.storyboard; sourceTree = "<group>"; };
		FC38281329F50F3400C0C573 /* Assets.xcassets */ = {isa = PBXFileReference; lastKnownFileType = folder.assetcatalog; path = Assets.xcassets; sourceTree = "<group>"; };
		FC38281629F50F3400C0C573 /* Base */ = {isa = PBXFileReference; lastKnownFileType = file.storyboard; name = Base; path = Base.lproj/LaunchScreen.storyboard; sourceTree = "<group>"; };
		FC38281829F50F3400C0C573 /* Info.plist */ = {isa = PBXFileReference; lastKnownFileType = text.plist.xml; path = Info.plist; sourceTree = "<group>"; };
		FC38282029F50F6300C0C573 /* BooksTableViewController.swift */ = {isa = PBXFileReference; lastKnownFileType = sourcecode.swift; path = BooksTableViewController.swift; sourceTree = "<group>"; };
		FC38282229F50FB300C0C573 /* BooksInfo.swift */ = {isa = PBXFileReference; lastKnownFileType = sourcecode.swift; path = BooksInfo.swift; sourceTree = "<group>"; };
		FC38282429F50FE500C0C573 /* BooksTableViewCell.swift */ = {isa = PBXFileReference; lastKnownFileType = sourcecode.swift; path = BooksTableViewCell.swift; sourceTree = "<group>"; };
		FC38282629F5125C00C0C573 /* DetailViewController.swift */ = {isa = PBXFileReference; lastKnownFileType = sourcecode.swift; path = DetailViewController.swift; sourceTree = "<group>"; };
/* End PBXFileReference section */

/* Begin PBXFrameworksBuildPhase section */
		FC38280429F50F3200C0C573 /* Frameworks */ = {
			isa = PBXFrameworksBuildPhase;
			buildActionMask = 2147483647;
			files = (
			);
			runOnlyForDeploymentPostprocessing = 0;
		};
/* End PBXFrameworksBuildPhase section */

/* Begin PBXGroup section */
		FC3827FE29F50F3200C0C573 = {
			isa = PBXGroup;
			children = (
				FC38280929F50F3200C0C573 /* TableViewPractice */,
				FC38280829F50F3200C0C573 /* Products */,
			);
			sourceTree = "<group>";
		};
		FC38280829F50F3200C0C573 /* Products */ = {
			isa = PBXGroup;
			children = (
				FC38280729F50F3200C0C573 /* TableViewPractice.app */,
			);
			name = Products;
			sourceTree = "<group>";
		};
		FC38280929F50F3200C0C573 /* TableViewPractice */ = {
			isa = PBXGroup;
			children = (
				FC38280A29F50F3200C0C573 /* AppDelegate.swift */,
				FC38280C29F50F3200C0C573 /* SceneDelegate.swift */,
				FC38282029F50F6300C0C573 /* BooksTableViewController.swift */,
				FC38282629F5125C00C0C573 /* DetailViewController.swift */,
				FC38282229F50FB300C0C573 /* BooksInfo.swift */,
				FC38282429F50FE500C0C573 /* BooksTableViewCell.swift */,
				FC38281029F50F3200C0C573 /* Main.storyboard */,
				FC38281329F50F3400C0C573 /* Assets.xcassets */,
				FC38281529F50F3400C0C573 /* LaunchScreen.storyboard */,
				FC38281829F50F3400C0C573 /* Info.plist */,
			);
			path = TableViewPractice;
			sourceTree = "<group>";
		};
/* End PBXGroup section */

/* Begin PBXNativeTarget section */
		FC38280629F50F3200C0C573 /* TableViewPractice */ = {
			isa = PBXNativeTarget;
			buildConfigurationList = FC38281B29F50F3400C0C573 /* Build configuration list for PBXNativeTarget "TableViewPractice" */;
			buildPhases = (
				FC38280329F50F3200C0C573 /* Sources */,
				FC38280429F50F3200C0C573 /* Frameworks */,
				FC38280529F50F3200C0C573 /* Resources */,
			);
			buildRules = (
			);
			dependencies = (
			);
			name = TableViewPractice;
			productName = TableViewPractice;
			productReference = FC38280729F50F3200C0C573 /* TableViewPractice.app */;
			productType = "com.apple.product-type.application";
		};
/* End PBXNativeTarget section */

/* Begin PBXProject section */
		FC3827FF29F50F3200C0C573 /* Project object */ = {
			isa = PBXProject;
			attributes = {
				BuildIndependentTargetsInParallel = 1;
				LastSwiftUpdateCheck = 1420;
				LastUpgradeCheck = 1420;
				TargetAttributes = {
					FC38280629F50F3200C0C573 = {
						CreatedOnToolsVersion = 14.2;
					};
				};
			};
			buildConfigurationList = FC38280229F50F3200C0C573 /* Build configuration list for PBXProject "TableViewPractice" */;
			compatibilityVersion = "Xcode 14.0";
			developmentRegion = en;
			hasScannedForEncodings = 0;
			knownRegions = (
				en,
				Base,
			);
			mainGroup = FC3827FE29F50F3200C0C573;
			productRefGroup = FC38280829F50F3200C0C573 /* Products */;
			projectDirPath = "";
			projectRoot = "";
			targets = (
				FC38280629F50F3200C0C573 /* TableViewPractice */,
			);
		};
/* End PBXProject section */

/* Begin PBXResourcesBuildPhase section */
		FC38280529F50F3200C0C573 /* Resources */ = {
			isa = PBXResourcesBuildPhase;
			buildActionMask = 2147483647;
			files = (
				FC38281729F50F3400C0C573 /* LaunchScreen.storyboard in Resources */,
				FC38281429F50F3400C0C573 /* Assets.xcassets in Resources */,
				FC38281229F50F3200C0C573 /* Main.storyboard in Resources */,
			);
			runOnlyForDeploymentPostprocessing = 0;
		};
/* End PBXResourcesBuildPhase section */

/* Begin PBXSourcesBuildPhase section */
		FC38280329F50F3200C0C573 /* Sources */ = {
			isa = PBXSourcesBuildPhase;
			buildActionMask = 2147483647;
			files = (
				FC38282529F50FE500C0C573 /* BooksTableViewCell.swift in Sources */,
				FC38280B29F50F3200C0C573 /* AppDelegate.swift in Sources */,
				FC38282129F50F6300C0C573 /* BooksTableViewController.swift in Sources */,
				FC38282729F5125C00C0C573 /* DetailViewController.swift in Sources */,
				FC38282329F50FB300C0C573 /* BooksInfo.swift in Sources */,
				FC38280D29F50F3200C0C573 /* SceneDelegate.swift in Sources */,
			);
			runOnlyForDeploymentPostprocessing = 0;
		};
/* End PBXSourcesBuildPhase section */

/* Begin PBXVariantGroup section */
		FC38281029F50F3200C0C573 /* Main.storyboard */ = {
			isa = PBXVariantGroup;
			children = (
				FC38281129F50F3200C0C573 /* Base */,
			);
			name = Main.storyboard;
			sourceTree = "<group>";
		};
		FC38281529F50F3400C0C573 /* LaunchScreen.storyboard */ = {
			isa = PBXVariantGroup;
			children = (
				FC38281629F50F3400C0C573 /* Base */,
			);
			name = LaunchScreen.storyboard;
			sourceTree = "<group>";
		};
/* End PBXVariantGroup section */

/* Begin XCBuildConfiguration section */
		FC38281929F50F3400C0C573 /* Debug */ = {
			isa = XCBuildConfiguration;
			buildSettings = {
				ALWAYS_SEARCH_USER_PATHS = NO;
				CLANG_ANALYZER_NONNULL = YES;
				CLANG_ANALYZER_NUMBER_OBJECT_CONVERSION = YES_AGGRESSIVE;
				CLANG_CXX_LANGUAGE_STANDARD = "gnu++20";
				CLANG_ENABLE_MODULES = YES;
				CLANG_ENABLE_OBJC_ARC = YES;
				CLANG_ENABLE_OBJC_WEAK = YES;
				CLANG_WARN_BLOCK_CAPTURE_AUTORELEASING = YES;
				CLANG_WARN_BOOL_CONVERSION = YES;
				CLANG_WARN_COMMA = YES;
				CLANG_WARN_CONSTANT_CONVERSION = YES;
				CLANG_WARN_DEPRECATED_OBJC_IMPLEMENTATIONS = YES;
				CLANG_WARN_DIRECT_OBJC_ISA_USAGE = YES_ERROR;
				CLANG_WARN_DOCUMENTATION_COMMENTS = YES;
				CLANG_WARN_EMPTY_BODY = YES;
				CLANG_WARN_ENUM_CONVERSION = YES;
				CLANG_WARN_INFINITE_RECURSION = YES;
				CLANG_WARN_INT_CONVERSION = YES;
				CLANG_WARN_NON_LITERAL_NULL_CONVERSION = YES;
				CLANG_WARN_OBJC_IMPLICIT_RETAIN_SELF = YES;
				CLANG_WARN_OBJC_LITERAL_CONVERSION = YES;
				CLANG_WARN_OBJC_ROOT_CLASS = YES_ERROR;
				CLANG_WARN_QUOTED_INCLUDE_IN_FRAMEWORK_HEADER = YES;
				CLANG_WARN_RANGE_LOOP_ANALYSIS = YES;
				CLANG_WARN_STRICT_PROTOTYPES = YES;
				CLANG_WARN_SUSPICIOUS_MOVE = YES;
				CLANG_WARN_UNGUARDED_AVAILABILITY = YES_AGGRESSIVE;
				CLANG_WARN_UNREACHABLE_CODE = YES;
				CLANG_WARN__DUPLICATE_METHOD_MATCH = YES;
				COPY_PHASE_STRIP = NO;
				DEBUG_INFORMATION_FORMAT = dwarf;
				ENABLE_STRICT_OBJC_MSGSEND = YES;
				ENABLE_TESTABILITY = YES;
				GCC_C_LANGUAGE_STANDARD = gnu11;
				GCC_DYNAMIC_NO_PIC = NO;
				GCC_NO_COMMON_BLOCKS = YES;
				GCC_OPTIMIZATION_LEVEL = 0;
				GCC_PREPROCESSOR_DEFINITIONS = (
					"DEBUG=1",
					"$(inherited)",
				);
				GCC_WARN_64_TO_32_BIT_CONVERSION = YES;
				GCC_WARN_ABOUT_RETURN_TYPE = YES_ERROR;
				GCC_WARN_UNDECLARED_SELECTOR = YES;
				GCC_WARN_UNINITIALIZED_AUTOS = YES_AGGRESSIVE;
				GCC_WARN_UNUSED_FUNCTION = YES;
				GCC_WARN_UNUSED_VARIABLE = YES;
				IPHONEOS_DEPLOYMENT_TARGET = 16.2;
				MTL_ENABLE_DEBUG_INFO = INCLUDE_SOURCE;
				MTL_FAST_MATH = YES;
				ONLY_ACTIVE_ARCH = YES;
				SDKROOT = iphoneos;
				SWIFT_ACTIVE_COMPILATION_CONDITIONS = DEBUG;
				SWIFT_OPTIMIZATION_LEVEL = "-Onone";
			};
			name = Debug;
		};
		FC38281A29F50F3400C0C573 /* Release */ = {
			isa = XCBuildConfiguration;
			buildSettings = {
				ALWAYS_SEARCH_USER_PATHS = NO;
				CLANG_ANALYZER_NONNULL = YES;
				CLANG_ANALYZER_NUMBER_OBJECT_CONVERSION = YES_AGGRESSIVE;
				CLANG_CXX_LANGUAGE_STANDARD = "gnu++20";
				CLANG_ENABLE_MODULES = YES;
				CLANG_ENABLE_OBJC_ARC = YES;
				CLANG_ENABLE_OBJC_WEAK = YES;
				CLANG_WARN_BLOCK_CAPTURE_AUTORELEASING = YES;
				CLANG_WARN_BOOL_CONVERSION = YES;
				CLANG_WARN_COMMA = YES;
				CLANG_WARN_CONSTANT_CONVERSION = YES;
				CLANG_WARN_DEPRECATED_OBJC_IMPLEMENTATIONS = YES;
				CLANG_WARN_DIRECT_OBJC_ISA_USAGE = YES_ERROR;
				CLANG_WARN_DOCUMENTATION_COMMENTS = YES;
				CLANG_WARN_EMPTY_BODY = YES;
				CLANG_WARN_ENUM_CONVERSION = YES;
				CLANG_WARN_INFINITE_RECURSION = YES;
				CLANG_WARN_INT_CONVERSION = YES;
				CLANG_WARN_NON_LITERAL_NULL_CONVERSION = YES;
				CLANG_WARN_OBJC_IMPLICIT_RETAIN_SELF = YES;
				CLANG_WARN_OBJC_LITERAL_CONVERSION = YES;
				CLANG_WARN_OBJC_ROOT_CLASS = YES_ERROR;
				CLANG_WARN_QUOTED_INCLUDE_IN_FRAMEWORK_HEADER = YES;
				CLANG_WARN_RANGE_LOOP_ANALYSIS = YES;
				CLANG_WARN_STRICT_PROTOTYPES = YES;
				CLANG_WARN_SUSPICIOUS_MOVE = YES;
				CLANG_WARN_UNGUARDED_AVAILABILITY = YES_AGGRESSIVE;
				CLANG_WARN_UNREACHABLE_CODE = YES;
				CLANG_WARN__DUPLICATE_METHOD_MATCH = YES;
				COPY_PHASE_STRIP = NO;
				DEBUG_INFORMATION_FORMAT = "dwarf-with-dsym";
				ENABLE_NS_ASSERTIONS = NO;
				ENABLE_STRICT_OBJC_MSGSEND = YES;
				GCC_C_LANGUAGE_STANDARD = gnu11;
				GCC_NO_COMMON_BLOCKS = YES;
				GCC_WARN_64_TO_32_BIT_CONVERSION = YES;
				GCC_WARN_ABOUT_RETURN_TYPE = YES_ERROR;
				GCC_WARN_UNDECLARED_SELECTOR = YES;
				GCC_WARN_UNINITIALIZED_AUTOS = YES_AGGRESSIVE;
				GCC_WARN_UNUSED_FUNCTION = YES;
				GCC_WARN_UNUSED_VARIABLE = YES;
				IPHONEOS_DEPLOYMENT_TARGET = 16.2;
				MTL_ENABLE_DEBUG_INFO = NO;
				MTL_FAST_MATH = YES;
				SDKROOT = iphoneos;
				SWIFT_COMPILATION_MODE = wholemodule;
				SWIFT_OPTIMIZATION_LEVEL = "-O";
				VALIDATE_PRODUCT = YES;
			};
			name = Release;
		};
		FC38281C29F50F3400C0C573 /* Debug */ = {
			isa = XCBuildConfiguration;
			buildSettings = {
				ASSETCATALOG_COMPILER_APPICON_NAME = AppIcon;
				ASSETCATALOG_COMPILER_GLOBAL_ACCENT_COLOR_NAME = AccentColor;
				CODE_SIGN_STYLE = Automatic;
				CURRENT_PROJECT_VERSION = 1;
				DEVELOPMENT_TEAM = WY78FBFM76;
				GENERATE_INFOPLIST_FILE = YES;
				INFOPLIST_FILE = TableViewPractice/Info.plist;
				INFOPLIST_KEY_UIApplicationSupportsIndirectInputEvents = YES;
				INFOPLIST_KEY_UILaunchStoryboardName = LaunchScreen;
				INFOPLIST_KEY_UIMainStoryboardFile = Main;
				INFOPLIST_KEY_UISupportedInterfaceOrientations_iPad = "UIInterfaceOrientationPortrait UIInterfaceOrientationPortraitUpsideDown UIInterfaceOrientationLandscapeLeft UIInterfaceOrientationLandscapeRight";
				INFOPLIST_KEY_UISupportedInterfaceOrientations_iPhone = "UIInterfaceOrientationPortrait UIInterfaceOrientationLandscapeLeft UIInterfaceOrientationLandscapeRight";
				LD_RUNPATH_SEARCH_PATHS = (
					"$(inherited)",
					"@executable_path/Frameworks",
				);
				MARKETING_VERSION = 1.0;
				PRODUCT_BUNDLE_IDENTIFIER = Practice.TableViewPractice;
				PRODUCT_NAME = "$(TARGET_NAME)";
				SWIFT_EMIT_LOC_STRINGS = YES;
				SWIFT_VERSION = 5.0;
				TARGETED_DEVICE_FAMILY = "1,2";
			};
			name = Debug;
		};
		FC38281D29F50F3400C0C573 /* Release */ = {
			isa = XCBuildConfiguration;
			buildSettings = {
				ASSETCATALOG_COMPILER_APPICON_NAME = AppIcon;
				ASSETCATALOG_COMPILER_GLOBAL_ACCENT_COLOR_NAME = AccentColor;
				CODE_SIGN_STYLE = Automatic;
				CURRENT_PROJECT_VERSION = 1;
				DEVELOPMENT_TEAM = WY78FBFM76;
				GENERATE_INFOPLIST_FILE = YES;
				INFOPLIST_FILE = TableViewPractice/Info.plist;
				INFOPLIST_KEY_UIApplicationSupportsIndirectInputEvents = YES;
				INFOPLIST_KEY_UILaunchStoryboardName = LaunchScreen;
				INFOPLIST_KEY_UIMainStoryboardFile = Main;
				INFOPLIST_KEY_UISupportedInterfaceOrientations_iPad = "UIInterfaceOrientationPortrait UIInterfaceOrientationPortraitUpsideDown UIInterfaceOrientationLandscapeLeft UIInterfaceOrientationLandscapeRight";
				INFOPLIST_KEY_UISupportedInterfaceOrientations_iPhone = "UIInterfaceOrientationPortrait UIInterfaceOrientationLandscapeLeft UIInterfaceOrientationLandscapeRight";
				LD_RUNPATH_SEARCH_PATHS = (
					"$(inherited)",
					"@executable_path/Frameworks",
				);
				MARKETING_VERSION = 1.0;
				PRODUCT_BUNDLE_IDENTIFIER = Practice.TableViewPractice;
				PRODUCT_NAME = "$(TARGET_NAME)";
				SWIFT_EMIT_LOC_STRINGS = YES;
				SWIFT_VERSION = 5.0;
				TARGETED_DEVICE_FAMILY = "1,2";
			};
			name = Release;
		};
/* End XCBuildConfiguration section */

/* Begin XCConfigurationList section */
		FC38280229F50F3200C0C573 /* Build configuration list for PBXProject "TableViewPractice" */ = {
			isa = XCConfigurationList;
			buildConfigurations = (
				FC38281929F50F3400C0C573 /* Debug */,
				FC38281A29F50F3400C0C573 /* Release */,
			);
			defaultConfigurationIsVisible = 0;
			defaultConfigurationName = Release;
		};
		FC38281B29F50F3400C0C573 /* Build configuration list for PBXNativeTarget "TableViewPractice" */ = {
			isa = XCConfigurationList;
			buildConfigurations = (
				FC38281C29F50F3400C0C573 /* Debug */,
				FC38281D29F50F3400C0C573 /* Release */,
			);
			defaultConfigurationIsVisible = 0;
			defaultConfigurationName = Release;
		};
/* End XCConfigurationList section */
	};
	rootObject = FC3827FF29F50F3200C0C573 /* Project object */;
}
